Microsoft Visual Studio Solution File, Format Version 10.00
# Visual Studio 2008
Project("{2150E333-8FDC-42A3-9474-1A3956D46DE8}") = "Solution Items", "Solution Items", "{6C97BA21-135D-4429-AD12-4260E3A5F4A8}"
	ProjectSection(SolutionItems) = preProject
		Ideas.txt = Ideas.txt
		ReadMe.txt = ReadMe.txt
		Solution Notes.txt = Solution Notes.txt
		TODO.txt = TODO.txt
	EndProjectSection
EndProject
Project("{8BC9CEB8-8B4A-11D0-8D11-00A0C91BC942}") = "NewVision", "NewVision\NewVision.vcproj", "{7047CDA7-4E22-465E-B8D0-5864AFC7E67C}"
EndProject
Project("{54435603-DBB4-11D2-8724-00A0C9A8B90C}") = "NewVision Setup", "NewVision Setup\NewVision Setup.vdproj", "{92D849EE-DDD0-404A-B6EB-0B72A997A611}"
	ProjectSection(ProjectDependencies) = postProject
		{7047CDA7-4E22-465E-B8D0-5864AFC7E67C} = {7047CDA7-4E22-465E-B8D0-5864AFC7E67C}
	EndProjectSection
EndProject
Project("{F184B08F-C81C-45F6-A57F-5ABD9991F28F}") = "InstallClass", "InstallClass\InstallClass.vbproj", "{5D190233-498E-4803-A164-39840C3D4CEC}"
EndProject
Project("{F184B08F-C81C-45F6-A57F-5ABD9991F28F}") = "Uninstaller", "Uninstaller\Uninstaller.vbproj", "{F6D9184B-9B0F-44B1-9821-144704CB903F}"
EndProject
Project("{8BC9CEB8-8B4A-11D0-8D11-00A0C91BC942}") = "PGRSourceFilter", "PGRSourceFilter\PGRSourceFilter.vcproj", "{E1168F22-1458-4088-9FD3-C01C9D6E78FC}"
EndProject
Project("{8BC9CEB8-8B4A-11D0-8D11-00A0C91BC942}") = "ResizableLib", "ResizableLib\ResizableLib.vcproj", "{BDA55234-0FE8-4AE2-897B-B9535B415709}"
EndProject
Global
	GlobalSection(SolutionConfigurationPlatforms) = preSolution
		Debug Static Unicode|Any CPU = Debug Static Unicode|Any CPU
		Debug Static Unicode|Mixed Platforms = Debug Static Unicode|Mixed Platforms
		Debug Static Unicode|Win32 = Debug Static Unicode|Win32
		Debug Static|Any CPU = Debug Static|Any CPU
		Debug Static|Mixed Platforms = Debug Static|Mixed Platforms
		Debug Static|Win32 = Debug Static|Win32
		Debug Unicode|Any CPU = Debug Unicode|Any CPU
		Debug Unicode|Mixed Platforms = Debug Unicode|Mixed Platforms
		Debug Unicode|Win32 = Debug Unicode|Win32
		Debug with GraphEdit|Any CPU = Debug with GraphEdit|Any CPU
		Debug with GraphEdit|Mixed Platforms = Debug with GraphEdit|Mixed Platforms
		Debug with GraphEdit|Win32 = Debug with GraphEdit|Win32
		Debug with NewVision|Any CPU = Debug with NewVision|Any CPU
		Debug with NewVision|Mixed Platforms = Debug with NewVision|Mixed Platforms
		Debug with NewVision|Win32 = Debug with NewVision|Win32
		Release Static Unicode|Any CPU = Release Static Unicode|Any CPU
		Release Static Unicode|Mixed Platforms = Release Static Unicode|Mixed Platforms
		Release Static Unicode|Win32 = Release Static Unicode|Win32
		Release Static|Any CPU = Release Static|Any CPU
		Release Static|Mixed Platforms = Release Static|Mixed Platforms
		Release Static|Win32 = Release Static|Win32
		Release Unicode|Any CPU = Release Unicode|Any CPU
		Release Unicode|Mixed Platforms = Release Unicode|Mixed Platforms
		Release Unicode|Win32 = Release Unicode|Win32
		Release|Any CPU = Release|Any CPU
		Release|Mixed Platforms = Release|Mixed Platforms
		Release|Win32 = Release|Win32
	EndGlobalSection
	GlobalSection(ProjectConfigurationPlatforms) = postSolution
		{7047CDA7-4E22-465E-B8D0-5864AFC7E67C}.Debug Static Unicode|Any CPU.ActiveCfg = Debug|Win32
		{7047CDA7-4E22-465E-B8D0-5864AFC7E67C}.Debug Static Unicode|Mixed Platforms.ActiveCfg = Debug|Win32
		{7047CDA7-4E22-465E-B8D0-5864AFC7E67C}.Debug Static Unicode|Mixed Platforms.Build.0 = Debug|Win32
		{7047CDA7-4E22-465E-B8D0-5864AFC7E67C}.Debug Static Unicode|Win32.ActiveCfg = Debug|Win32
		{7047CDA7-4E22-465E-B8D0-5864AFC7E67C}.Debug Static Unicode|Win32.Build.0 = Debug|Win32
		{7047CDA7-4E22-465E-B8D0-5864AFC7E67C}.Debug Static|Any CPU.ActiveCfg = Debug|Win32
		{7047CDA7-4E22-465E-B8D0-5864AFC7E67C}.Debug Static|Mixed Platforms.ActiveCfg = Debug|Win32
		{7047CDA7-4E22-465E-B8D0-5864AFC7E67C}.Debug Static|Mixed Platforms.Build.0 = Debug|Win32
		{7047CDA7-4E22-465E-B8D0-5864AFC7E67C}.Debug Static|Win32.ActiveCfg = Debug|Win32
		{7047CDA7-4E22-465E-B8D0-5864AFC7E67C}.Debug Static|Win32.Build.0 = Debug|Win32
		{7047CDA7-4E22-465E-B8D0-5864AFC7E67C}.Debug Unicode|Any CPU.ActiveCfg = Debug|Win32
		{7047CDA7-4E22-465E-B8D0-5864AFC7E67C}.Debug Unicode|Mixed Platforms.ActiveCfg = Debug|Win32
		{7047CDA7-4E22-465E-B8D0-5864AFC7E67C}.Debug Unicode|Mixed Platforms.Build.0 = Debug|Win32
		{7047CDA7-4E22-465E-B8D0-5864AFC7E67C}.Debug Unicode|Win32.ActiveCfg = Debug|Win32
		{7047CDA7-4E22-465E-B8D0-5864AFC7E67C}.Debug Unicode|Win32.Build.0 = Debug|Win32
		{7047CDA7-4E22-465E-B8D0-5864AFC7E67C}.Debug with GraphEdit|Any CPU.ActiveCfg = Debug|Win32
		{7047CDA7-4E22-465E-B8D0-5864AFC7E67C}.Debug with GraphEdit|Any CPU.Build.0 = Debug|Win32
		{7047CDA7-4E22-465E-B8D0-5864AFC7E67C}.Debug with GraphEdit|Mixed Platforms.ActiveCfg = Debug|Win32
		{7047CDA7-4E22-465E-B8D0-5864AFC7E67C}.Debug with GraphEdit|Mixed Platforms.Build.0 = Debug|Win32
		{7047CDA7-4E22-465E-B8D0-5864AFC7E67C}.Debug with GraphEdit|Win32.ActiveCfg = Debug|Win32
		{7047CDA7-4E22-465E-B8D0-5864AFC7E67C}.Debug with GraphEdit|Win32.Build.0 = Debug|Win32
		{7047CDA7-4E22-465E-B8D0-5864AFC7E67C}.Debug with NewVision|Any CPU.ActiveCfg = Debug|Win32
		{7047CDA7-4E22-465E-B8D0-5864AFC7E67C}.Debug with NewVision|Mixed Platforms.ActiveCfg = Debug|Win32
		{7047CDA7-4E22-465E-B8D0-5864AFC7E67C}.Debug with NewVision|Mixed Platforms.Build.0 = Debug|Win32
		{7047CDA7-4E22-465E-B8D0-5864AFC7E67C}.Debug with NewVision|Win32.ActiveCfg = Debug|Win32
		{7047CDA7-4E22-465E-B8D0-5864AFC7E67C}.Debug with NewVision|Win32.Build.0 = Debug|Win32
		{7047CDA7-4E22-465E-B8D0-5864AFC7E67C}.Release Static Unicode|Any CPU.ActiveCfg = Release|Win32
		{7047CDA7-4E22-465E-B8D0-5864AFC7E67C}.Release Static Unicode|Mixed Platforms.ActiveCfg = Release|Win32
		{7047CDA7-4E22-465E-B8D0-5864AFC7E67C}.Release Static Unicode|Mixed Platforms.Build.0 = Release|Win32
		{7047CDA7-4E22-465E-B8D0-5864AFC7E67C}.Release Static Unicode|Win32.ActiveCfg = Release|Win32
		{7047CDA7-4E22-465E-B8D0-5864AFC7E67C}.Release Static Unicode|Win32.Build.0 = Release|Win32
		{7047CDA7-4E22-465E-B8D0-5864AFC7E67C}.Release Static|Any CPU.ActiveCfg = Release|Win32
		{7047CDA7-4E22-465E-B8D0-5864AFC7E67C}.Release Static|Mixed Platforms.ActiveCfg = Release|Win32
		{7047CDA7-4E22-465E-B8D0-5864AFC7E67C}.Release Static|Mixed Platforms.Build.0 = Release|Win32
		{7047CDA7-4E22-465E-B8D0-5864AFC7E67C}.Release Static|Win32.ActiveCfg = Release|Win32
		{7047CDA7-4E22-465E-B8D0-5864AFC7E67C}.Release Static|Win32.Build.0 = Release|Win32
		{7047CDA7-4E22-465E-B8D0-5864AFC7E67C}.Release Unicode|Any CPU.ActiveCfg = Release|Win32
		{7047CDA7-4E22-465E-B8D0-5864AFC7E67C}.Release Unicode|Mixed Platforms.ActiveCfg = Release|Win32
		{7047CDA7-4E22-465E-B8D0-5864AFC7E67C}.Release Unicode|Mixed Platforms.Build.0 = Release|Win32
		{7047CDA7-4E22-465E-B8D0-5864AFC7E67C}.Release Unicode|Win32.ActiveCfg = Release|Win32
		{7047CDA7-4E22-465E-B8D0-5864AFC7E67C}.Release Unicode|Win32.Build.0 = Release|Win32
		{7047CDA7-4E22-465E-B8D0-5864AFC7E67C}.Release|Any CPU.ActiveCfg = Release|Win32
		{7047CDA7-4E22-465E-B8D0-5864AFC7E67C}.Release|Any CPU.Build.0 = Release|Win32
		{7047CDA7-4E22-465E-B8D0-5864AFC7E67C}.Release|Mixed Platforms.ActiveCfg = Release|Win32
		{7047CDA7-4E22-465E-B8D0-5864AFC7E67C}.Release|Mixed Platforms.Build.0 = Release|Win32
		{7047CDA7-4E22-465E-B8D0-5864AFC7E67C}.Release|Win32.ActiveCfg = Release|Win32
		{7047CDA7-4E22-465E-B8D0-5864AFC7E67C}.Release|Win32.Build.0 = Release|Win32
		{92D849EE-DDD0-404A-B6EB-0B72A997A611}.Debug Static Unicode|Any CPU.ActiveCfg = Debug
		{92D849EE-DDD0-404A-B6EB-0B72A997A611}.Debug Static Unicode|Any CPU.Build.0 = Debug
		{92D849EE-DDD0-404A-B6EB-0B72A997A611}.Debug Static Unicode|Mixed Platforms.ActiveCfg = Debug
		{92D849EE-DDD0-404A-B6EB-0B72A997A611}.Debug Static Unicode|Mixed Platforms.Build.0 = Debug
		{92D849EE-DDD0-404A-B6EB-0B72A997A611}.Debug Static Unicode|Win32.ActiveCfg = Debug
		{92D849EE-DDD0-404A-B6EB-0B72A997A611}.Debug Static Unicode|Win32.Build.0 = Debug
		{92D849EE-DDD0-404A-B6EB-0B72A997A611}.Debug Static|Any CPU.ActiveCfg = Debug
		{92D849EE-DDD0-404A-B6EB-0B72A997A611}.Debug Static|Any CPU.Build.0 = Debug
		{92D849EE-DDD0-404A-B6EB-0B72A997A611}.Debug Static|Mixed Platforms.ActiveCfg = Debug
		{92D849EE-DDD0-404A-B6EB-0B72A997A611}.Debug Static|Mixed Platforms.Build.0 = Debug
		{92D849EE-DDD0-404A-B6EB-0B72A997A611}.Debug Static|Win32.ActiveCfg = Debug
		{92D849EE-DDD0-404A-B6EB-0B72A997A611}.Debug Static|Win32.Build.0 = Debug
		{92D849EE-DDD0-404A-B6EB-0B72A997A611}.Debug Unicode|Any CPU.ActiveCfg = Debug
		{92D849EE-DDD0-404A-B6EB-0B72A997A611}.Debug Unicode|Any CPU.Build.0 = Debug
		{92D849EE-DDD0-404A-B6EB-0B72A997A611}.Debug Unicode|Mixed Platforms.ActiveCfg = Debug
		{92D849EE-DDD0-404A-B6EB-0B72A997A611}.Debug Unicode|Mixed Platforms.Build.0 = Debug
		{92D849EE-DDD0-404A-B6EB-0B72A997A611}.Debug Unicode|Win32.ActiveCfg = Debug
		{92D849EE-DDD0-404A-B6EB-0B72A997A611}.Debug Unicode|Win32.Build.0 = Debug
		{92D849EE-DDD0-404A-B6EB-0B72A997A611}.Debug with GraphEdit|Any CPU.ActiveCfg = Release
		{92D849EE-DDD0-404A-B6EB-0B72A997A611}.Debug with GraphEdit|Mixed Platforms.ActiveCfg = Debug
		{92D849EE-DDD0-404A-B6EB-0B72A997A611}.Debug with GraphEdit|Win32.ActiveCfg = Debug
		{92D849EE-DDD0-404A-B6EB-0B72A997A611}.Debug with NewVision|Any CPU.ActiveCfg = Debug
		{92D849EE-DDD0-404A-B6EB-0B72A997A611}.Debug with NewVision|Any CPU.Build.0 = Debug
		{92D849EE-DDD0-404A-B6EB-0B72A997A611}.Debug with NewVision|Mixed Platforms.ActiveCfg = Debug
		{92D849EE-DDD0-404A-B6EB-0B72A997A611}.Debug with NewVision|Mixed Platforms.Build.0 = Debug
		{92D849EE-DDD0-404A-B6EB-0B72A997A611}.Debug with NewVision|Win32.ActiveCfg = Debug
		{92D849EE-DDD0-404A-B6EB-0B72A997A611}.Debug with NewVision|Win32.Build.0 = Debug
		{92D849EE-DDD0-404A-B6EB-0B72A997A611}.Release Static Unicode|Any CPU.ActiveCfg = Release
		{92D849EE-DDD0-404A-B6EB-0B72A997A611}.Release Static Unicode|Any CPU.Build.0 = Release
		{92D849EE-DDD0-404A-B6EB-0B72A997A611}.Release Static Unicode|Mixed Platforms.ActiveCfg = Release
		{92D849EE-DDD0-404A-B6EB-0B72A997A611}.Release Static Unicode|Mixed Platforms.Build.0 = Release
		{92D849EE-DDD0-404A-B6EB-0B72A997A611}.Release Static Unicode|Win32.ActiveCfg = Release
		{92D849EE-DDD0-404A-B6EB-0B72A997A611}.Release Static Unicode|Win32.Build.0 = Release
		{92D849EE-DDD0-404A-B6EB-0B72A997A611}.Release Static|Any CPU.ActiveCfg = Release
		{92D849EE-DDD0-404A-B6EB-0B72A997A611}.Release Static|Any CPU.Build.0 = Release
		{92D849EE-DDD0-404A-B6EB-0B72A997A611}.Release Static|Mixed Platforms.ActiveCfg = Release
		{92D849EE-DDD0-404A-B6EB-0B72A997A611}.Release Static|Mixed Platforms.Build.0 = Release
		{92D849EE-DDD0-404A-B6EB-0B72A997A611}.Release Static|Win32.ActiveCfg = Release
		{92D849EE-DDD0-404A-B6EB-0B72A997A611}.Release Static|Win32.Build.0 = Release
		{92D849EE-DDD0-404A-B6EB-0B72A997A611}.Release Unicode|Any CPU.ActiveCfg = Release
		{92D849EE-DDD0-404A-B6EB-0B72A997A611}.Release Unicode|Any CPU.Build.0 = Release
		{92D849EE-DDD0-404A-B6EB-0B72A997A611}.Release Unicode|Mixed Platforms.ActiveCfg = Release
		{92D849EE-DDD0-404A-B6EB-0B72A997A611}.Release Unicode|Mixed Platforms.Build.0 = Release
		{92D849EE-DDD0-404A-B6EB-0B72A997A611}.Release Unicode|Win32.ActiveCfg = Release
		{92D849EE-DDD0-404A-B6EB-0B72A997A611}.Release Unicode|Win32.Build.0 = Release
		{92D849EE-DDD0-404A-B6EB-0B72A997A611}.Release|Any CPU.ActiveCfg = Release
		{92D849EE-DDD0-404A-B6EB-0B72A997A611}.Release|Any CPU.Build.0 = Release
		{92D849EE-DDD0-404A-B6EB-0B72A997A611}.Release|Mixed Platforms.ActiveCfg = Release
		{92D849EE-DDD0-404A-B6EB-0B72A997A611}.Release|Mixed Platforms.Build.0 = Release
		{92D849EE-DDD0-404A-B6EB-0B72A997A611}.Release|Win32.ActiveCfg = Release
		{92D849EE-DDD0-404A-B6EB-0B72A997A611}.Release|Win32.Build.0 = Release
		{5D190233-498E-4803-A164-39840C3D4CEC}.Debug Static Unicode|Any CPU.ActiveCfg = Debug|Any CPU
		{5D190233-498E-4803-A164-39840C3D4CEC}.Debug Static Unicode|Any CPU.Build.0 = Debug|Any CPU
		{5D190233-498E-4803-A164-39840C3D4CEC}.Debug Static Unicode|Mixed Platforms.ActiveCfg = Debug|Any CPU
		{5D190233-498E-4803-A164-39840C3D4CEC}.Debug Static Unicode|Mixed Platforms.Build.0 = Debug|Any CPU
		{5D190233-498E-4803-A164-39840C3D4CEC}.Debug Static Unicode|Win32.ActiveCfg = Debug|Any CPU
		{5D190233-498E-4803-A164-39840C3D4CEC}.Debug Static|Any CPU.ActiveCfg = Debug|Any CPU
		{5D190233-498E-4803-A164-39840C3D4CEC}.Debug Static|Any CPU.Build.0 = Debug|Any CPU
		{5D190233-498E-4803-A164-39840C3D4CEC}.Debug Static|Mixed Platforms.ActiveCfg = Debug|Any CPU
		{5D190233-498E-4803-A164-39840C3D4CEC}.Debug Static|Mixed Platforms.Build.0 = Debug|Any CPU
		{5D190233-498E-4803-A164-39840C3D4CEC}.Debug Static|Win32.ActiveCfg = Debug|Any CPU
		{5D190233-498E-4803-A164-39840C3D4CEC}.Debug Unicode|Any CPU.ActiveCfg = Debug|Any CPU
		{5D190233-498E-4803-A164-39840C3D4CEC}.Debug Unicode|Any CPU.Build.0 = Debug|Any CPU
		{5D190233-498E-4803-A164-39840C3D4CEC}.Debug Unicode|Mixed Platforms.ActiveCfg = Debug|Any CPU
		{5D190233-498E-4803-A164-39840C3D4CEC}.Debug Unicode|Mixed Platforms.Build.0 = Debug|Any CPU
		{5D190233-498E-4803-A164-39840C3D4CEC}.Debug Unicode|Win32.ActiveCfg = Debug|Any CPU
		{5D190233-498E-4803-A164-39840C3D4CEC}.Debug with GraphEdit|Any CPU.ActiveCfg = Debug|Any CPU
		{5D190233-498E-4803-A164-39840C3D4CEC}.Debug with GraphEdit|Mixed Platforms.ActiveCfg = Debug|Any CPU
		{5D190233-498E-4803-A164-39840C3D4CEC}.Debug with GraphEdit|Win32.ActiveCfg = Debug|Any CPU
		{5D190233-498E-4803-A164-39840C3D4CEC}.Debug with NewVision|Any CPU.ActiveCfg = Debug|Any CPU
		{5D190233-498E-4803-A164-39840C3D4CEC}.Debug with NewVision|Any CPU.Build.0 = Debug|Any CPU
		{5D190233-498E-4803-A164-39840C3D4CEC}.Debug with NewVision|Mixed Platforms.ActiveCfg = Debug|Any CPU
		{5D190233-498E-4803-A164-39840C3D4CEC}.Debug with NewVision|Mixed Platforms.Build.0 = Debug|Any CPU
		{5D190233-498E-4803-A164-39840C3D4CEC}.Debug with NewVision|Win32.ActiveCfg = Debug|Any CPU
		{5D190233-498E-4803-A164-39840C3D4CEC}.Release Static Unicode|Any CPU.ActiveCfg = Release|Any CPU
		{5D190233-498E-4803-A164-39840C3D4CEC}.Release Static Unicode|Any CPU.Build.0 = Release|Any CPU
		{5D190233-498E-4803-A164-39840C3D4CEC}.Release Static Unicode|Mixed Platforms.ActiveCfg = Release|Any CPU
		{5D190233-498E-4803-A164-39840C3D4CEC}.Release Static Unicode|Mixed Platforms.Build.0 = Release|Any CPU
		{5D190233-498E-4803-A164-39840C3D4CEC}.Release Static Unicode|Win32.ActiveCfg = Release|Any CPU
		{5D190233-498E-4803-A164-39840C3D4CEC}.Release Static|Any CPU.ActiveCfg = Release|Any CPU
		{5D190233-498E-4803-A164-39840C3D4CEC}.Release Static|Any CPU.Build.0 = Release|Any CPU
		{5D190233-498E-4803-A164-39840C3D4CEC}.Release Static|Mixed Platforms.ActiveCfg = Release|Any CPU
		{5D190233-498E-4803-A164-39840C3D4CEC}.Release Static|Mixed Platforms.Build.0 = Release|Any CPU
		{5D190233-498E-4803-A164-39840C3D4CEC}.Release Static|Win32.ActiveCfg = Release|Any CPU
		{5D190233-498E-4803-A164-39840C3D4CEC}.Release Unicode|Any CPU.ActiveCfg = Release|Any CPU
		{5D190233-498E-4803-A164-39840C3D4CEC}.Release Unicode|Any CPU.Build.0 = Release|Any CPU
		{5D190233-498E-4803-A164-39840C3D4CEC}.Release Unicode|Mixed Platforms.ActiveCfg = Release|Any CPU
		{5D190233-498E-4803-A164-39840C3D4CEC}.Release Unicode|Mixed Platforms.Build.0 = Release|Any CPU
		{5D190233-498E-4803-A164-39840C3D4CEC}.Release Unicode|Win32.ActiveCfg = Release|Any CPU
		{5D190233-498E-4803-A164-39840C3D4CEC}.Release|Any CPU.ActiveCfg = Release|Any CPU
		{5D190233-498E-4803-A164-39840C3D4CEC}.Release|Any CPU.Build.0 = Release|Any CPU
		{5D190233-498E-4803-A164-39840C3D4CEC}.Release|Mixed Platforms.ActiveCfg = Release|Any CPU
		{5D190233-498E-4803-A164-39840C3D4CEC}.Release|Mixed Platforms.Build.0 = Release|Any CPU
		{5D190233-498E-4803-A164-39840C3D4CEC}.Release|Win32.ActiveCfg = Release|Any CPU
		{F6D9184B-9B0F-44B1-9821-144704CB903F}.Debug Static Unicode|Any CPU.ActiveCfg = Debug|Any CPU
		{F6D9184B-9B0F-44B1-9821-144704CB903F}.Debug Static Unicode|Any CPU.Build.0 = Debug|Any CPU
		{F6D9184B-9B0F-44B1-9821-144704CB903F}.Debug Static Unicode|Mixed Platforms.ActiveCfg = Debug|Any CPU
		{F6D9184B-9B0F-44B1-9821-144704CB903F}.Debug Static Unicode|Mixed Platforms.Build.0 = Debug|Any CPU
		{F6D9184B-9B0F-44B1-9821-144704CB903F}.Debug Static Unicode|Win32.ActiveCfg = Debug|Any CPU
		{F6D9184B-9B0F-44B1-9821-144704CB903F}.Debug Static|Any CPU.ActiveCfg = Debug|Any CPU
		{F6D9184B-9B0F-44B1-9821-144704CB903F}.Debug Static|Any CPU.Build.0 = Debug|Any CPU
		{F6D9184B-9B0F-44B1-9821-144704CB903F}.Debug Static|Mixed Platforms.ActiveCfg = Debug|Any CPU
		{F6D9184B-9B0F-44B1-9821-144704CB903F}.Debug Static|Mixed Platforms.Build.0 = Debug|Any CPU
		{F6D9184B-9B0F-44B1-9821-144704CB903F}.Debug Static|Win32.ActiveCfg = Debug|Any CPU
		{F6D9184B-9B0F-44B1-9821-144704CB903F}.Debug Unicode|Any CPU.ActiveCfg = Debug|Any CPU
		{F6D9184B-9B0F-44B1-9821-144704CB903F}.Debug Unicode|Any CPU.Build.0 = Debug|Any CPU
		{F6D9184B-9B0F-44B1-9821-144704CB903F}.Debug Unicode|Mixed Platforms.ActiveCfg = Debug|Any CPU
		{F6D9184B-9B0F-44B1-9821-144704CB903F}.Debug Unicode|Mixed Platforms.Build.0 = Debug|Any CPU
		{F6D9184B-9B0F-44B1-9821-144704CB903F}.Debug Unicode|Win32.ActiveCfg = Debug|Any CPU
		{F6D9184B-9B0F-44B1-9821-144704CB903F}.Debug with GraphEdit|Any CPU.ActiveCfg = Debug|Any CPU
		{F6D9184B-9B0F-44B1-9821-144704CB903F}.Debug with GraphEdit|Mixed Platforms.ActiveCfg = Debug|Any CPU
		{F6D9184B-9B0F-44B1-9821-144704CB903F}.Debug with GraphEdit|Win32.ActiveCfg = Debug|Any CPU
		{F6D9184B-9B0F-44B1-9821-144704CB903F}.Debug with NewVision|Any CPU.ActiveCfg = Debug|Any CPU
		{F6D9184B-9B0F-44B1-9821-144704CB903F}.Debug with NewVision|Any CPU.Build.0 = Debug|Any CPU
		{F6D9184B-9B0F-44B1-9821-144704CB903F}.Debug with NewVision|Mixed Platforms.ActiveCfg = Debug|Any CPU
		{F6D9184B-9B0F-44B1-9821-144704CB903F}.Debug with NewVision|Mixed Platforms.Build.0 = Debug|Any CPU
		{F6D9184B-9B0F-44B1-9821-144704CB903F}.Debug with NewVision|Win32.ActiveCfg = Debug|Any CPU
		{F6D9184B-9B0F-44B1-9821-144704CB903F}.Release Static Unicode|Any CPU.ActiveCfg = Release|Any CPU
		{F6D9184B-9B0F-44B1-9821-144704CB903F}.Release Static Unicode|Any CPU.Build.0 = Release|Any CPU
		{F6D9184B-9B0F-44B1-9821-144704CB903F}.Release Static Unicode|Mixed Platforms.ActiveCfg = Release|Any CPU
		{F6D9184B-9B0F-44B1-9821-144704CB903F}.Release Static Unicode|Mixed Platforms.Build.0 = Release|Any CPU
		{F6D9184B-9B0F-44B1-9821-144704CB903F}.Release Static Unicode|Win32.ActiveCfg = Release|Any CPU
		{F6D9184B-9B0F-44B1-9821-144704CB903F}.Release Static|Any CPU.ActiveCfg = Release|Any CPU
		{F6D9184B-9B0F-44B1-9821-144704CB903F}.Release Static|Any CPU.Build.0 = Release|Any CPU
		{F6D9184B-9B0F-44B1-9821-144704CB903F}.Release Static|Mixed Platforms.ActiveCfg = Release|Any CPU
		{F6D9184B-9B0F-44B1-9821-144704CB903F}.Release Static|Mixed Platforms.Build.0 = Release|Any CPU
		{F6D9184B-9B0F-44B1-9821-144704CB903F}.Release Static|Win32.ActiveCfg = Release|Any CPU
		{F6D9184B-9B0F-44B1-9821-144704CB903F}.Release Unicode|Any CPU.ActiveCfg = Release|Any CPU
		{F6D9184B-9B0F-44B1-9821-144704CB903F}.Release Unicode|Any CPU.Build.0 = Release|Any CPU
		{F6D9184B-9B0F-44B1-9821-144704CB903F}.Release Unicode|Mixed Platforms.ActiveCfg = Release|Any CPU
		{F6D9184B-9B0F-44B1-9821-144704CB903F}.Release Unicode|Mixed Platforms.Build.0 = Release|Any CPU
		{F6D9184B-9B0F-44B1-9821-144704CB903F}.Release Unicode|Win32.ActiveCfg = Release|Any CPU
		{F6D9184B-9B0F-44B1-9821-144704CB903F}.Release|Any CPU.ActiveCfg = Release|Any CPU
		{F6D9184B-9B0F-44B1-9821-144704CB903F}.Release|Any CPU.Build.0 = Release|Any CPU
		{F6D9184B-9B0F-44B1-9821-144704CB903F}.Release|Mixed Platforms.ActiveCfg = Release|Any CPU
		{F6D9184B-9B0F-44B1-9821-144704CB903F}.Release|Mixed Platforms.Build.0 = Release|Any CPU
		{F6D9184B-9B0F-44B1-9821-144704CB903F}.Release|Win32.ActiveCfg = Release|Any CPU
		{E1168F22-1458-4088-9FD3-C01C9D6E78FC}.Debug Static Unicode|Any CPU.ActiveCfg = Debug|Win32
		{E1168F22-1458-4088-9FD3-C01C9D6E78FC}.Debug Static Unicode|Mixed Platforms.ActiveCfg = Debug|Win32
		{E1168F22-1458-4088-9FD3-C01C9D6E78FC}.Debug Static Unicode|Mixed Platforms.Build.0 = Debug|Win32
		{E1168F22-1458-4088-9FD3-C01C9D6E78FC}.Debug Static Unicode|Win32.ActiveCfg = Debug|Win32
		{E1168F22-1458-4088-9FD3-C01C9D6E78FC}.Debug Static Unicode|Win32.Build.0 = Debug|Win32
		{E1168F22-1458-4088-9FD3-C01C9D6E78FC}.Debug Static|Any CPU.ActiveCfg = Debug|Win32
		{E1168F22-1458-4088-9FD3-C01C9D6E78FC}.Debug Static|Mixed Platforms.ActiveCfg = Debug|Win32
		{E1168F22-1458-4088-9FD3-C01C9D6E78FC}.Debug Static|Mixed Platforms.Build.0 = Debug|Win32
		{E1168F22-1458-4088-9FD3-C01C9D6E78FC}.Debug Static|Win32.ActiveCfg = Debug|Win32
		{E1168F22-1458-4088-9FD3-C01C9D6E78FC}.Debug Static|Win32.Build.0 = Debug|Win32
		{E1168F22-1458-4088-9FD3-C01C9D6E78FC}.Debug Unicode|Any CPU.ActiveCfg = Debug|Win32
		{E1168F22-1458-4088-9FD3-C01C9D6E78FC}.Debug Unicode|Mixed Platforms.ActiveCfg = Debug|Win32
		{E1168F22-1458-4088-9FD3-C01C9D6E78FC}.Debug Unicode|Mixed Platforms.Build.0 = Debug|Win32
		{E1168F22-1458-4088-9FD3-C01C9D6E78FC}.Debug Unicode|Win32.ActiveCfg = Debug|Win32
		{E1168F22-1458-4088-9FD3-C01C9D6E78FC}.Debug Unicode|Win32.Build.0 = Debug|Win32
		{E1168F22-1458-4088-9FD3-C01C9D6E78FC}.Debug with GraphEdit|Any CPU.ActiveCfg = Debug|Win32
		{E1168F22-1458-4088-9FD3-C01C9D6E78FC}.Debug with GraphEdit|Mixed Platforms.ActiveCfg = Debug|Win32
		{E1168F22-1458-4088-9FD3-C01C9D6E78FC}.Debug with GraphEdit|Mixed Platforms.Build.0 = Debug|Win32
		{E1168F22-1458-4088-9FD3-C01C9D6E78FC}.Debug with GraphEdit|Win32.ActiveCfg = Debug|Win32
		{E1168F22-1458-4088-9FD3-C01C9D6E78FC}.Debug with GraphEdit|Win32.Build.0 = Debug|Win32
		{E1168F22-1458-4088-9FD3-C01C9D6E78FC}.Debug with NewVision|Any CPU.ActiveCfg = Debug with NewVision|Win32
		{E1168F22-1458-4088-9FD3-C01C9D6E78FC}.Debug with NewVision|Mixed Platforms.ActiveCfg = Debug with NewVision|Win32
		{E1168F22-1458-4088-9FD3-C01C9D6E78FC}.Debug with NewVision|Mixed Platforms.Build.0 = Debug with NewVision|Win32
		{E1168F22-1458-4088-9FD3-C01C9D6E78FC}.Debug with NewVision|Win32.ActiveCfg = Debug with NewVision|Win32
		{E1168F22-1458-4088-9FD3-C01C9D6E78FC}.Debug with NewVision|Win32.Build.0 = Debug with NewVision|Win32
		{E1168F22-1458-4088-9FD3-C01C9D6E78FC}.Release Static Unicode|Any CPU.ActiveCfg = Release|Win32
		{E1168F22-1458-4088-9FD3-C01C9D6E78FC}.Release Static Unicode|Mixed Platforms.ActiveCfg = Release|Win32
		{E1168F22-1458-4088-9FD3-C01C9D6E78FC}.Release Static Unicode|Mixed Platforms.Build.0 = Release|Win32
		{E1168F22-1458-4088-9FD3-C01C9D6E78FC}.Release Static Unicode|Win32.ActiveCfg = Release|Win32
		{E1168F22-1458-4088-9FD3-C01C9D6E78FC}.Release Static Unicode|Win32.Build.0 = Release|Win32
		{E1168F22-1458-4088-9FD3-C01C9D6E78FC}.Release Static|Any CPU.ActiveCfg = Release|Win32
		{E1168F22-1458-4088-9FD3-C01C9D6E78FC}.Release Static|Mixed Platforms.ActiveCfg = Release|Win32
		{E1168F22-1458-4088-9FD3-C01C9D6E78FC}.Release Static|Mixed Platforms.Build.0 = Release|Win32
		{E1168F22-1458-4088-9FD3-C01C9D6E78FC}.Release Static|Win32.ActiveCfg = Release|Win32
		{E1168F22-1458-4088-9FD3-C01C9D6E78FC}.Release Static|Win32.Build.0 = Release|Win32
		{E1168F22-1458-4088-9FD3-C01C9D6E78FC}.Release Unicode|Any CPU.ActiveCfg = Release|Win32
		{E1168F22-1458-4088-9FD3-C01C9D6E78FC}.Release Unicode|Mixed Platforms.ActiveCfg = Release|Win32
		{E1168F22-1458-4088-9FD3-C01C9D6E78FC}.Release Unicode|Mixed Platforms.Build.0 = Release|Win32
		{E1168F22-1458-4088-9FD3-C01C9D6E78FC}.Release Unicode|Win32.ActiveCfg = Release|Win32
		{E1168F22-1458-4088-9FD3-C01C9D6E78FC}.Release Unicode|Win32.Build.0 = Release|Win32
		{E1168F22-1458-4088-9FD3-C01C9D6E78FC}.Release|Any CPU.ActiveCfg = Release|Win32
		{E1168F22-1458-4088-9FD3-C01C9D6E78FC}.Release|Mixed Platforms.ActiveCfg = Release|Win32
		{E1168F22-1458-4088-9FD3-C01C9D6E78FC}.Release|Mixed Platforms.Build.0 = Release|Win32
		{E1168F22-1458-4088-9FD3-C01C9D6E78FC}.Release|Win32.ActiveCfg = Release|Win32
		{E1168F22-1458-4088-9FD3-C01C9D6E78FC}.Release|Win32.Build.0 = Release|Win32
		{BDA55234-0FE8-4AE2-897B-B9535B415709}.Debug Static Unicode|Any CPU.ActiveCfg = Debug Static Unicode|Win32
		{BDA55234-0FE8-4AE2-897B-B9535B415709}.Debug Static Unicode|Mixed Platforms.ActiveCfg = Debug Static Unicode|Win32
		{BDA55234-0FE8-4AE2-897B-B9535B415709}.Debug Static Unicode|Mixed Platforms.Build.0 = Debug Static Unicode|Win32
		{BDA55234-0FE8-4AE2-897B-B9535B415709}.Debug Static Unicode|Win32.ActiveCfg = Debug Static Unicode|Win32
		{BDA55234-0FE8-4AE2-897B-B9535B415709}.Debug Static Unicode|Win32.Build.0 = Debug Static Unicode|Win32
		{BDA55234-0FE8-4AE2-897B-B9535B415709}.Debug Static|Any CPU.ActiveCfg = Debug Static|Win32
		{BDA55234-0FE8-4AE2-897B-B9535B415709}.Debug Static|Mixed Platforms.ActiveCfg = Debug Static|Win32
		{BDA55234-0FE8-4AE2-897B-B9535B415709}.Debug Static|Mixed Platforms.Build.0 = Debug Static|Win32
		{BDA55234-0FE8-4AE2-897B-B9535B415709}.Debug Static|Win32.ActiveCfg = Debug Static|Win32
		{BDA55234-0FE8-4AE2-897B-B9535B415709}.Debug Static|Win32.Build.0 = Debug Static|Win32
		{BDA55234-0FE8-4AE2-897B-B9535B415709}.Debug Unicode|Any CPU.ActiveCfg = Debug Unicode|Win32
		{BDA55234-0FE8-4AE2-897B-B9535B415709}.Debug Unicode|Mixed Platforms.ActiveCfg = Debug Unicode|Win32
		{BDA55234-0FE8-4AE2-897B-B9535B415709}.Debug Unicode|Mixed Platforms.Build.0 = Debug Unicode|Win32
		{BDA55234-0FE8-4AE2-897B-B9535B415709}.Debug Unicode|Win32.ActiveCfg = Debug Unicode|Win32
		{BDA55234-0FE8-4AE2-897B-B9535B415709}.Debug Unicode|Win32.Build.0 = Debug Unicode|Win32
		{BDA55234-0FE8-4AE2-897B-B9535B415709}.Debug with GraphEdit|Any CPU.ActiveCfg = Debug|Win32
		{BDA55234-0FE8-4AE2-897B-B9535B415709}.Debug with GraphEdit|Mixed Platforms.ActiveCfg = Debug|Win32
		{BDA55234-0FE8-4AE2-897B-B9535B415709}.Debug with GraphEdit|Mixed Platforms.Build.0 = Debug|Win32
		{BDA55234-0FE8-4AE2-897B-B9535B415709}.Debug with GraphEdit|Win32.ActiveCfg = Debug|Win32
		{BDA55234-0FE8-4AE2-897B-B9535B415709}.Debug with GraphEdit|Win32.Build.0 = Debug|Win32
		{BDA55234-0FE8-4AE2-897B-B9535B415709}.Debug with NewVision|Any CPU.ActiveCfg = Debug Unicode|Win32
		{BDA55234-0FE8-4AE2-897B-B9535B415709}.Debug with NewVision|Mixed Platforms.ActiveCfg = Debug Unicode|Win32
		{BDA55234-0FE8-4AE2-897B-B9535B415709}.Debug with NewVision|Mixed Platforms.Build.0 = Debug Unicode|Win32
		{BDA55234-0FE8-4AE2-897B-B9535B415709}.Debug with NewVision|Win32.ActiveCfg = Debug Unicode|Win32
		{BDA55234-0FE8-4AE2-897B-B9535B415709}.Debug with NewVision|Win32.Build.0 = Debug Unicode|Win32
		{BDA55234-0FE8-4AE2-897B-B9535B415709}.Release Static Unicode|Any CPU.ActiveCfg = Release Static Unicode|Win32
		{BDA55234-0FE8-4AE2-897B-B9535B415709}.Release Static Unicode|Mixed Platforms.ActiveCfg = Release Static Unicode|Win32
		{BDA55234-0FE8-4AE2-897B-B9535B415709}.Release Static Unicode|Mixed Platforms.Build.0 = Release Static Unicode|Win32
		{BDA55234-0FE8-4AE2-897B-B9535B415709}.Release Static Unicode|Win32.ActiveCfg = Release Static Unicode|Win32
		{BDA55234-0FE8-4AE2-897B-B9535B415709}.Release Static Unicode|Win32.Build.0 = Release Static Unicode|Win32
		{BDA55234-0FE8-4AE2-897B-B9535B415709}.Release Static|Any CPU.ActiveCfg = Release Static|Win32
		{BDA55234-0FE8-4AE2-897B-B9535B415709}.Release Static|Mixed Platforms.ActiveCfg = Release Static|Win32
		{BDA55234-0FE8-4AE2-897B-B9535B415709}.Release Static|Mixed Platforms.Build.0 = Release Static|Win32
		{BDA55234-0FE8-4AE2-897B-B9535B415709}.Release Static|Win32.ActiveCfg = Release Static|Win32
		{BDA55234-0FE8-4AE2-897B-B9535B415709}.Release Static|Win32.Build.0 = Release Static|Win32
		{BDA55234-0FE8-4AE2-897B-B9535B415709}.Release Unicode|Any CPU.ActiveCfg = Release Unicode|Win32
		{BDA55234-0FE8-4AE2-897B-B9535B415709}.Release Unicode|Mixed Platforms.ActiveCfg = Release Unicode|Win32
		{BDA55234-0FE8-4AE2-897B-B9535B415709}.Release Unicode|Mixed Platforms.Build.0 = Release Unicode|Win32
		{BDA55234-0FE8-4AE2-897B-B9535B415709}.Release Unicode|Win32.ActiveCfg = Release Unicode|Win32
		{BDA55234-0FE8-4AE2-897B-B9535B415709}.Release Unicode|Win32.Build.0 = Release Unicode|Win32
		{BDA55234-0FE8-4AE2-897B-B9535B415709}.Release|Any CPU.ActiveCfg = Release|Win32
		{BDA55234-0FE8-4AE2-897B-B9535B415709}.Release|Mixed Platforms.ActiveCfg = Release|Win32
		{BDA55234-0FE8-4AE2-897B-B9535B415709}.Release|Mixed Platforms.Build.0 = Release|Win32
		{BDA55234-0FE8-4AE2-897B-B9535B415709}.Release|Win32.ActiveCfg = Release|Win32
		{BDA55234-0FE8-4AE2-897B-B9535B415709}.Release|Win32.Build.0 = Release|Win32
	EndGlobalSection
	GlobalSection(SolutionProperties) = preSolution
		HideSolutionNode = FALSE
	EndGlobalSection
	GlobalSection(NestedProjects) = preSolution
		{5D190233-498E-4803-A164-39840C3D4CEC} = {6C97BA21-135D-4429-AD12-4260E3A5F4A8}
		{F6D9184B-9B0F-44B1-9821-144704CB903F} = {6C97BA21-135D-4429-AD12-4260E3A5F4A8}
	EndGlobalSection
EndGlobal
